
Microsoft Visual Studio Solution File, Format Version 12.00
# Visual Studio Version 17
VisualStudioVersion = 17.11.35303.130
MinimumVisualStudioVersion = 10.0.40219.1
Project("{FAE04EC0-301F-11D3-BF4B-00C04F79EFBC}") = "Git-Test", "Git-Test\Git-Test.csproj", "{3B18E0CF-66B2-4C15-973E-2B7E0E8B84AB}"
EndProject
Global
	GlobalSection(SolutionConfigurationPlatforms) = preSolution
		Debug|Any CPU = Debug|Any CPU
		Release|Any CPU = Release|Any CPU
	EndGlobalSection
	GlobalSection(ProjectConfigurationPlatforms) = postSolution
		{3B18E0CF-66B2-4C15-973E-2B7E0E8B84AB}.Debug|Any CPU.ActiveCfg = Debug|Any CPU
		{3B18E0CF-66B2-4C15-973E-2B7E0E8B84AB}.Debug|Any CPU.Build.0 = Debug|Any CPU
		{3B18E0CF-66B2-4C15-973E-2B7E0E8B84AB}.Release|Any CPU.ActiveCfg = Release|Any CPU
		{3B18E0CF-66B2-4C15-973E-2B7E0E8B84AB}.Release|Any CPU.Build.0 = Release|Any CPU
	EndGlobalSection
	GlobalSection(SolutionProperties) = preSolution
		HideSolutionNode = FALSE
	EndGlobalSection
	GlobalSection(ExtensibilityGlobals) = postSolution
		SolutionGuid = {B041CB8E-BFE5-4820-B0ED-CE44B88A4290}
	EndGlobalSection
EndGlobal
